// !$*UTF8*$!
{
	archiveVersion = 1;
	classes = {
	};
	objectVersion = 77;
	objects = {

/* Begin PBXBuildFile section */
		0541DE622E470D3F001B3F9E /* FirebaseAI in Frameworks */ = {isa = PBXBuildFile; productRef = 0541DE612E470D3F001B3F9E /* FirebaseAI */; };
		0541DE642E470D3F001B3F9E /* FirebaseAnalytics in Frameworks */ = {isa = PBXBuildFile; productRef = 0541DE632E470D3F001B3F9E /* FirebaseAnalytics */; };
		0541DE662E470D3F001B3F9E /* FirebaseAnalyticsCore in Frameworks */ = {isa = PBXBuildFile; productRef = 0541DE652E470D3F001B3F9E /* FirebaseAnalyticsCore */; };
		0541DE682E470D3F001B3F9E /* FirebaseAuth in Frameworks */ = {isa = PBXBuildFile; productRef = 0541DE672E470D3F001B3F9E /* FirebaseAuth */; };
		0541DE6A2E470D3F001B3F9E /* FirebaseCore in Frameworks */ = {isa = PBXBuildFile; productRef = 0541DE692E470D3F001B3F9E /* FirebaseCore */; };
		0541DE6C2E470D3F001B3F9E /* FirebaseCrashlytics in Frameworks */ = {isa = PBXBuildFile; productRef = 0541DE6B2E470D3F001B3F9E /* FirebaseCrashlytics */; };
		0541DE6E2E470D3F001B3F9E /* FirebaseDatabase in Frameworks */ = {isa = PBXBuildFile; productRef = 0541DE6D2E470D3F001B3F9E /* FirebaseDatabase */; };
		0541DE702E470D3F001B3F9E /* FirebaseFirestore in Frameworks */ = {isa = PBXBuildFile; productRef = 0541DE6F2E470D3F001B3F9E /* FirebaseFirestore */; };
		0541DE722E470D3F001B3F9E /* FirebaseMessaging in Frameworks */ = {isa = PBXBuildFile; productRef = 0541DE712E470D3F001B3F9E /* FirebaseMessaging */; };
		0541DE742E470D3F001B3F9E /* FirebasePerformance in Frameworks */ = {isa = PBXBuildFile; productRef = 0541DE732E470D3F001B3F9E /* FirebasePerformance */; };
		0541DE762E470D3F001B3F9E /* FirebaseStorage in Frameworks */ = {isa = PBXBuildFile; productRef = 0541DE752E470D3F001B3F9E /* FirebaseStorage */; };
		054581AC2E59637D00F067AA /* GoogleSignIn in Frameworks */ = {isa = PBXBuildFile; productRef = 054581AB2E59637D00F067AA /* GoogleSignIn */; };
		054581AE2E59637D00F067AA /* GoogleSignInSwift in Frameworks */ = {isa = PBXBuildFile; productRef = 054581AD2E59637D00F067AA /* GoogleSignInSwift */; };
/* End PBXBuildFile section */

/* Begin PBXFileReference section */
		055B9AC42E1F0BB6004E6282 /* MyChannel.app */ = {isa = PBXFileReference; explicitFileType = wrapper.application; includeInIndex = 0; path = MyChannel.app; sourceTree = BUILT_PRODUCTS_DIR; };
/* End PBXFileReference section */

/* Begin PBXFileSystemSynchronizedBuildFileExceptionSet section */
		050336322E4C1D3E00C5E644 /* Exceptions for "MyChannel" folder in "MyChannel" target */ = {
			isa = PBXFileSystemSynchronizedBuildFileExceptionSet;
			membershipExceptions = (
				Info.plist,
				"infra/terraform/.terraform/providers/registry.terraform.io/hashicorp/google-beta/6.49.2/darwin_amd64/LICENSE.txt",
				infra/terraform/.terraform/providers/registry.terraform.io/hashicorp/google/6.47.0/darwin_amd64/LICENSE.txt,
				infra/terraform/.terraform/providers/registry.terraform.io/hashicorp/google/6.49.2/darwin_amd64/LICENSE.txt,
				infra/terraform/.terraform/providers/registry.terraform.io/hashicorp/local/2.5.3/darwin_amd64/LICENSE.txt,
			);
			target = 055B9AC32E1F0BB6004E6282 /* MyChannel */;
		};
/* End PBXFileSystemSynchronizedBuildFileExceptionSet section */

/* Begin PBXFileSystemSynchronizedRootGroup section */
		055B9AC62E1F0BB6004E6282 /* MyChannel */ = {
			isa = PBXFileSystemSynchronizedRootGroup;
			exceptions = (
				050336322E4C1D3E00C5E644 /* Exceptions for "MyChannel" folder in "MyChannel" target */,
			);
			path = MyChannel;
			sourceTree = "<group>";
		};
/* End PBXFileSystemSynchronizedRootGroup section */

/* Begin PBXFrameworksBuildPhase section */
		055B9AC12E1F0BB6004E6282 /* Frameworks */ = {
			isa = PBXFrameworksBuildPhase;
			buildActionMask = 2147483647;
			files = (
				0541DE722E470D3F001B3F9E /* FirebaseMessaging in Frameworks */,
				0541DE642E470D3F001B3F9E /* FirebaseAnalytics in Frameworks */,
				0541DE742E470D3F001B3F9E /* FirebasePerformance in Frameworks */,
				0541DE6A2E470D3F001B3F9E /* FirebaseCore in Frameworks */,
				0541DE662E470D3F001B3F9E /* FirebaseAnalyticsCore in Frameworks */,
				054581AE2E59637D00F067AA /* GoogleSignInSwift in Frameworks */,
				054581AC2E59637D00F067AA /* GoogleSignIn in Frameworks */,
				0541DE6C2E470D3F001B3F9E /* FirebaseCrashlytics in Frameworks */,
				0541DE622E470D3F001B3F9E /* FirebaseAI in Frameworks */,
				0541DE702E470D3F001B3F9E /* FirebaseFirestore in Frameworks */,
				0541DE762E470D3F001B3F9E /* FirebaseStorage in Frameworks */,
				0541DE6E2E470D3F001B3F9E /* FirebaseDatabase in Frameworks */,
				0541DE682E470D3F001B3F9E /* FirebaseAuth in Frameworks */,
			);
			runOnlyForDeploymentPostprocessing = 0;
		};
/* End PBXFrameworksBuildPhase section */

/* Begin PBXGroup section */
		055B9ABB2E1F0BB6004E6282 = {
			isa = PBXGroup;
			children = (
				055B9AC62E1F0BB6004E6282 /* MyChannel */,
				055B9AC52E1F0BB6004E6282 /* Products */,
			);
			sourceTree = "<group>";
		};
		055B9AC52E1F0BB6004E6282 /* Products */ = {
			isa = PBXGroup;
			children = (
				055B9AC42E1F0BB6004E6282 /* MyChannel.app */,
			);
			name = Products;
			sourceTree = "<group>";
		};
/* End PBXGroup section */

/* Begin PBXNativeTarget section */
		055B9AC32E1F0BB6004E6282 /* MyChannel */ = {
			isa = PBXNativeTarget;
			buildConfigurationList = 055B9ACF2E1F0BB9004E6282 /* Build configuration list for PBXNativeTarget "MyChannel" */;
			buildPhases = (
				055B9AC02E1F0BB6004E6282 /* Sources */,
				055B9AC12E1F0BB6004E6282 /* Frameworks */,
				055B9AC22E1F0BB6004E6282 /* Resources */,
			);
			buildRules = (
			);
			dependencies = (
			);
			fileSystemSynchronizedGroups = (
				055B9AC62E1F0BB6004E6282 /* MyChannel */,
			);
			name = MyChannel;
			packageProductDependencies = (
				0541DE612E470D3F001B3F9E /* FirebaseAI */,
				0541DE632E470D3F001B3F9E /* FirebaseAnalytics */,
				0541DE652E470D3F001B3F9E /* FirebaseAnalyticsCore */,
				0541DE672E470D3F001B3F9E /* FirebaseAuth */,
				0541DE692E470D3F001B3F9E /* FirebaseCore */,
				0541DE6B2E470D3F001B3F9E /* FirebaseCrashlytics */,
				0541DE6D2E470D3F001B3F9E /* FirebaseDatabase */,
				0541DE6F2E470D3F001B3F9E /* FirebaseFirestore */,
				0541DE712E470D3F001B3F9E /* FirebaseMessaging */,
				0541DE732E470D3F001B3F9E /* FirebasePerformance */,
				0541DE752E470D3F001B3F9E /* FirebaseStorage */,
				054581AB2E59637D00F067AA /* GoogleSignIn */,
				054581AD2E59637D00F067AA /* GoogleSignInSwift */,
			);
			productName = MyChannel;
			productReference = 055B9AC42E1F0BB6004E6282 /* MyChannel.app */;
			productType = "com.apple.product-type.application";
		};
/* End PBXNativeTarget section */

/* Begin PBXProject section */
		055B9ABC2E1F0BB6004E6282 /* Project object */ = {
			isa = PBXProject;
			attributes = {
				BuildIndependentTargetsInParallel = 1;
				LastSwiftUpdateCheck = 1640;
				LastUpgradeCheck = 1640;
				TargetAttributes = {
					055B9AC32E1F0BB6004E6282 = {
						CreatedOnToolsVersion = 16.4;
					};
				};
			};
			buildConfigurationList = 055B9ABF2E1F0BB6004E6282 /* Build configuration list for PBXProject "MyChannel" */;
			developmentRegion = en;
			hasScannedForEncodings = 0;
			knownRegions = (
				en,
				Base,
			);
			mainGroup = 055B9ABB2E1F0BB6004E6282;
			minimizedProjectReferenceProxies = 1;
			packageReferences = (
				0541DE602E470D3F001B3F9E /* XCRemoteSwiftPackageReference "firebase-ios-sdk" */,
				054581AA2E59637D00F067AA /* XCRemoteSwiftPackageReference "GoogleSignIn-iOS" */,
			);
			preferredProjectObjectVersion = 77;
			productRefGroup = 055B9AC52E1F0BB6004E6282 /* Products */;
			projectDirPath = "";
			projectRoot = "";
			targets = (
				055B9AC32E1F0BB6004E6282 /* MyChannel */,
			);
		};
/* End PBXProject section */

/* Begin PBXResourcesBuildPhase section */
		055B9AC22E1F0BB6004E6282 /* Resources */ = {
			isa = PBXResourcesBuildPhase;
			buildActionMask = 2147483647;
			files = (
			);
			runOnlyForDeploymentPostprocessing = 0;
		};
/* End PBXResourcesBuildPhase section */

/* Begin PBXSourcesBuildPhase section */
		055B9AC02E1F0BB6004E6282 /* Sources */ = {
			isa = PBXSourcesBuildPhase;
			buildActionMask = 2147483647;
			files = (
			);
			runOnlyForDeploymentPostprocessing = 0;
		};
/* End PBXSourcesBuildPhase section */

/* Begin XCBuildConfiguration section */
		055B9ACD2E1F0BB9004E6282 /* Debug */ = {
			isa = XCBuildConfiguration;
			buildSettings = {
				ALWAYS_SEARCH_USER_PATHS = NO;
				ASSETCATALOG_COMPILER_GENERATE_SWIFT_ASSET_SYMBOL_EXTENSIONS = YES;
				CLANG_ANALYZER_NONNULL = YES;
				CLANG_ANALYZER_NUMBER_OBJECT_CONVERSION = YES_AGGRESSIVE;
				CLANG_CXX_LANGUAGE_STANDARD = "gnu++20";
				CLANG_ENABLE_MODULES = YES;
				CLANG_ENABLE_OBJC_ARC = YES;
				CLANG_ENABLE_OBJC_WEAK = YES;
				CLANG_WARN_BLOCK_CAPTURE_AUTORELEASING = YES;
				CLANG_WARN_BOOL_CONVERSION = YES;
				CLANG_WARN_COMMA = YES;
				CLANG_WARN_CONSTANT_CONVERSION = YES;
				CLANG_WARN_DEPRECATED_OBJC_IMPLEMENTATIONS = YES;
				CLANG_WARN_DIRECT_OBJC_ISA_USAGE = YES_ERROR;
				CLANG_WARN_DOCUMENTATION_COMMENTS = YES;
				CLANG_WARN_EMPTY_BODY = YES;
				CLANG_WARN_ENUM_CONVERSION = YES;
				CLANG_WARN_INFINITE_RECURSION = YES;
				CLANG_WARN_INT_CONVERSION = YES;
				CLANG_WARN_NON_LITERAL_NULL_CONVERSION = YES;
				CLANG_WARN_OBJC_IMPLICIT_RETAIN_SELF = YES;
				CLANG_WARN_OBJC_LITERAL_CONVERSION = YES;
				CLANG_WARN_OBJC_ROOT_CLASS = YES_ERROR;
				CLANG_WARN_QUOTED_INCLUDE_IN_FRAMEWORK_HEADER = YES;
				CLANG_WARN_RANGE_LOOP_ANALYSIS = YES;
				CLANG_WARN_STRICT_PROTOTYPES = YES;
				CLANG_WARN_SUSPICIOUS_MOVE = YES;
				CLANG_WARN_UNGUARDED_AVAILABILITY = YES_AGGRESSIVE;
				CLANG_WARN_UNREACHABLE_CODE = YES;
				CLANG_WARN__DUPLICATE_METHOD_MATCH = YES;
				COPY_PHASE_STRIP = NO;
				DEBUG_INFORMATION_FORMAT = dwarf;
				DEVELOPMENT_TEAM = 8KPXZ859S7;
				ENABLE_STRICT_OBJC_MSGSEND = YES;
				ENABLE_TESTABILITY = YES;
				ENABLE_USER_SCRIPT_SANDBOXING = YES;
				GCC_C_LANGUAGE_STANDARD = gnu17;
				GCC_DYNAMIC_NO_PIC = NO;
				GCC_NO_COMMON_BLOCKS = YES;
				GCC_OPTIMIZATION_LEVEL = 0;
				GCC_PREPROCESSOR_DEFINITIONS = (
					"DEBUG=1",
					"$(inherited)",
				);
				GCC_WARN_64_TO_32_BIT_CONVERSION = YES;
				GCC_WARN_ABOUT_RETURN_TYPE = YES_ERROR;
				GCC_WARN_UNDECLARED_SELECTOR = YES;
				GCC_WARN_UNINITIALIZED_AUTOS = YES_AGGRESSIVE;
				GCC_WARN_UNUSED_FUNCTION = YES;
				GCC_WARN_UNUSED_VARIABLE = YES;
				IPHONEOS_DEPLOYMENT_TARGET = 18.5;
				LOCALIZATION_PREFERS_STRING_CATALOGS = YES;
				MTL_ENABLE_DEBUG_INFO = INCLUDE_SOURCE;
				MTL_FAST_MATH = YES;
				ONLY_ACTIVE_ARCH = YES;
				SDKROOT = iphoneos;
				SWIFT_ACTIVE_COMPILATION_CONDITIONS = "DEBUG $(inherited)";
				SWIFT_OPTIMIZATION_LEVEL = "-Onone";
			};
			name = Debug;
		};
		055B9ACE2E1F0BB9004E6282 /* Release */ = {
			isa = XCBuildConfiguration;
			buildSettings = {
				ALWAYS_SEARCH_USER_PATHS = NO;
				ASSETCATALOG_COMPILER_GENERATE_SWIFT_ASSET_SYMBOL_EXTENSIONS = YES;
				CLANG_ANALYZER_NONNULL = YES;
				CLANG_ANALYZER_NUMBER_OBJECT_CONVERSION = YES_AGGRESSIVE;
				CLANG_CXX_LANGUAGE_STANDARD = "gnu++20";
				CLANG_ENABLE_MODULES = YES;
				CLANG_ENABLE_OBJC_ARC = YES;
				CLANG_ENABLE_OBJC_WEAK = YES;
				CLANG_WARN_BLOCK_CAPTURE_AUTORELEASING = YES;
				CLANG_WARN_BOOL_CONVERSION = YES;
				CLANG_WARN_COMMA = YES;
				CLANG_WARN_CONSTANT_CONVERSION = YES;
				CLANG_WARN_DEPRECATED_OBJC_IMPLEMENTATIONS = YES;
				CLANG_WARN_DIRECT_OBJC_ISA_USAGE = YES_ERROR;
				CLANG_WARN_DOCUMENTATION_COMMENTS = YES;
				CLANG_WARN_EMPTY_BODY = YES;
				CLANG_WARN_ENUM_CONVERSION = YES;
				CLANG_WARN_INFINITE_RECURSION = YES;
				CLANG_WARN_INT_CONVERSION = YES;
				CLANG_WARN_NON_LITERAL_NULL_CONVERSION = YES;
				CLANG_WARN_OBJC_IMPLICIT_RETAIN_SELF = YES;
				CLANG_WARN_OBJC_LITERAL_CONVERSION = YES;
				CLANG_WARN_OBJC_ROOT_CLASS = YES_ERROR;
				CLANG_WARN_QUOTED_INCLUDE_IN_FRAMEWORK_HEADER = YES;
				CLANG_WARN_RANGE_LOOP_ANALYSIS = YES;
				CLANG_WARN_STRICT_PROTOTYPES = YES;
				CLANG_WARN_SUSPICIOUS_MOVE = YES;
				CLANG_WARN_UNGUARDED_AVAILABILITY = YES_AGGRESSIVE;
				CLANG_WARN_UNREACHABLE_CODE = YES;
				CLANG_WARN__DUPLICATE_METHOD_MATCH = YES;
				COPY_PHASE_STRIP = NO;
				DEBUG_INFORMATION_FORMAT = "dwarf-with-dsym";
				DEVELOPMENT_TEAM = 8KPXZ859S7;
				ENABLE_NS_ASSERTIONS = NO;
				ENABLE_STRICT_OBJC_MSGSEND = YES;
				ENABLE_USER_SCRIPT_SANDBOXING = YES;
				GCC_C_LANGUAGE_STANDARD = gnu17;
				GCC_NO_COMMON_BLOCKS = YES;
				GCC_WARN_64_TO_32_BIT_CONVERSION = YES;
				GCC_WARN_ABOUT_RETURN_TYPE = YES_ERROR;
				GCC_WARN_UNDECLARED_SELECTOR = YES;
				GCC_WARN_UNINITIALIZED_AUTOS = YES_AGGRESSIVE;
				GCC_WARN_UNUSED_FUNCTION = YES;
				GCC_WARN_UNUSED_VARIABLE = YES;
				IPHONEOS_DEPLOYMENT_TARGET = 18.5;
				LOCALIZATION_PREFERS_STRING_CATALOGS = YES;
				MTL_ENABLE_DEBUG_INFO = NO;
				MTL_FAST_MATH = YES;
				SDKROOT = iphoneos;
				SWIFT_COMPILATION_MODE = wholemodule;
				VALIDATE_PRODUCT = YES;
			};
			name = Release;
		};
		055B9AD02E1F0BB9004E6282 /* Debug */ = {
			isa = XCBuildConfiguration;
			buildSettings = {
				ASSETCATALOG_COMPILER_APPICON_NAME = AppIcon;
				ASSETCATALOG_COMPILER_GLOBAL_ACCENT_COLOR_NAME = AccentColor;
				CODE_SIGN_STYLE = Automatic;
				CURRENT_PROJECT_VERSION = 1;
				DEVELOPMENT_TEAM = 8KPXZ859S7;
				ENABLE_PREVIEWS = YES;
				GENERATE_INFOPLIST_FILE = YES;
				INFOPLIST_FILE = MyChannel/Info.plist;
				INFOPLIST_KEY_UIApplicationSceneManifest_Generation = YES;
				INFOPLIST_KEY_UIApplicationSupportsIndirectInputEvents = YES;
				INFOPLIST_KEY_UILaunchScreen_Generation = YES;
				INFOPLIST_KEY_UISupportedInterfaceOrientations_iPad = "UIInterfaceOrientationPortrait UIInterfaceOrientationPortraitUpsideDown UIInterfaceOrientationLandscapeLeft UIInterfaceOrientationLandscapeRight";
				INFOPLIST_KEY_UISupportedInterfaceOrientations_iPhone = "UIInterfaceOrientationPortrait UIInterfaceOrientationLandscapeLeft UIInterfaceOrientationLandscapeRight";
				LD_RUNPATH_SEARCH_PATHS = (
					"$(inherited)",
					"@executable_path/Frameworks",
				);
				MARKETING_VERSION = 1.0;
				NEW_SETTING = "";
				PRODUCT_BUNDLE_IDENTIFIER = com.keontapeat.MyChannel;
				PRODUCT_NAME = "$(TARGET_NAME)";
				SWIFT_EMIT_LOC_STRINGS = YES;
				SWIFT_VERSION = 5.0;
				TARGETED_DEVICE_FAMILY = "1,2";
			};
			name = Debug;
		};
		055B9AD12E1F0BB9004E6282 /* Release */ = {
			isa = XCBuildConfiguration;
			buildSettings = {
				ASSETCATALOG_COMPILER_APPICON_NAME = AppIcon;
				ASSETCATALOG_COMPILER_GLOBAL_ACCENT_COLOR_NAME = AccentColor;
				CODE_SIGN_STYLE = Automatic;
				CURRENT_PROJECT_VERSION = 1;
				DEBUG_INFORMATION_FORMAT = MyChannel/MyChannel/Config/Secrets.xcconfig;
				DEVELOPMENT_TEAM = 8KPXZ859S7;
				ENABLE_PREVIEWS = YES;
				GENERATE_INFOPLIST_FILE = YES;
				INFOPLIST_FILE = MyChannel/Info.plist;
				INFOPLIST_KEY_UIApplicationSceneManifest_Generation = YES;
				INFOPLIST_KEY_UIApplicationSupportsIndirectInputEvents = YES;
				INFOPLIST_KEY_UILaunchScreen_Generation = YES;
				INFOPLIST_KEY_UISupportedInterfaceOrientations_iPad = "UIInterfaceOrientationPortrait UIInterfaceOrientationPortraitUpsideDown UIInterfaceOrientationLandscapeLeft UIInterfaceOrientationLandscapeRight";
				INFOPLIST_KEY_UISupportedInterfaceOrientations_iPhone = "UIInterfaceOrientationPortrait UIInterfaceOrientationLandscapeLeft UIInterfaceOrientationLandscapeRight";
				LD_RUNPATH_SEARCH_PATHS = (
					"$(inherited)",
					"@executable_path/Frameworks",
				);
				MARKETING_VERSION = 1.0;
				NEW_SETTING = "";
				PRODUCT_BUNDLE_IDENTIFIER = com.keontapeat.MyChannel;
				PRODUCT_NAME = "$(TARGET_NAME)";
				SWIFT_EMIT_LOC_STRINGS = YES;
				SWIFT_VERSION = 5.0;
				TARGETED_DEVICE_FAMILY = "1,2";
			};
			name = Release;
		};
/* End XCBuildConfiguration section */

/* Begin XCConfigurationList section */
		055B9ABF2E1F0BB6004E6282 /* Build configuration list for PBXProject "MyChannel" */ = {
			isa = XCConfigurationList;
			buildConfigurations = (
				055B9ACD2E1F0BB9004E6282 /* Debug */,
				055B9ACE2E1F0BB9004E6282 /* Release */,
			);
			defaultConfigurationIsVisible = 0;
			defaultConfigurationName = Release;
		};
		055B9ACF2E1F0BB9004E6282 /* Build configuration list for PBXNativeTarget "MyChannel" */ = {
			isa = XCConfigurationList;
			buildConfigurations = (
				055B9AD02E1F0BB9004E6282 /* Debug */,
				055B9AD12E1F0BB9004E6282 /* Release */,
			);
			defaultConfigurationIsVisible = 0;
			defaultConfigurationName = Release;
		};
/* End XCConfigurationList section */

/* Begin XCRemoteSwiftPackageReference section */
		0541DE602E470D3F001B3F9E /* XCRemoteSwiftPackageReference "firebase-ios-sdk" */ = {
			isa = XCRemoteSwiftPackageReference;
			repositoryURL = "https://github.com/firebase/firebase-ios-sdk";
			requirement = {
				kind = upToNextMajorVersion;
				minimumVersion = 12.1.0;
			};
		};
		054581AA2E59637D00F067AA /* XCRemoteSwiftPackageReference "GoogleSignIn-iOS" */ = {
			isa = XCRemoteSwiftPackageReference;
			repositoryURL = "https://github.com/google/GoogleSignIn-iOS";
			requirement = {
				kind = upToNextMajorVersion;
				minimumVersion = 9.0.0;
			};
		};
/* End XCRemoteSwiftPackageReference section */

/* Begin XCSwiftPackageProductDependency section */
		0541DE612E470D3F001B3F9E /* FirebaseAI */ = {
			isa = XCSwiftPackageProductDependency;
			package = 0541DE602E470D3F001B3F9E /* XCRemoteSwiftPackageReference "firebase-ios-sdk" */;
			productName = FirebaseAI;
		};
		0541DE632E470D3F001B3F9E /* FirebaseAnalytics */ = {
			isa = XCSwiftPackageProductDependency;
			package = 0541DE602E470D3F001B3F9E /* XCRemoteSwiftPackageReference "firebase-ios-sdk" */;
			productName = FirebaseAnalytics;
		};
		0541DE652E470D3F001B3F9E /* FirebaseAnalyticsCore */ = {
			isa = XCSwiftPackageProductDependency;
			package = 0541DE602E470D3F001B3F9E /* XCRemoteSwiftPackageReference "firebase-ios-sdk" */;
			productName = FirebaseAnalyticsCore;
		};
		0541DE672E470D3F001B3F9E /* FirebaseAuth */ = {
			isa = XCSwiftPackageProductDependency;
			package = 0541DE602E470D3F001B3F9E /* XCRemoteSwiftPackageReference "firebase-ios-sdk" */;
			productName = FirebaseAuth;
		};
		0541DE692E470D3F001B3F9E /* FirebaseCore */ = {
			isa = XCSwiftPackageProductDependency;
			package = 0541DE602E470D3F001B3F9E /* XCRemoteSwiftPackageReference "firebase-ios-sdk" */;
			productName = FirebaseCore;
		};
		0541DE6B2E470D3F001B3F9E /* FirebaseCrashlytics */ = {
			isa = XCSwiftPackageProductDependency;
			package = 0541DE602E470D3F001B3F9E /* XCRemoteSwiftPackageReference "firebase-ios-sdk" */;
			productName = FirebaseCrashlytics;
		};
		0541DE6D2E470D3F001B3F9E /* FirebaseDatabase */ = {
			isa = XCSwiftPackageProductDependency;
			package = 0541DE602E470D3F001B3F9E /* XCRemoteSwiftPackageReference "firebase-ios-sdk" */;
			productName = FirebaseDatabase;
		};
		0541DE6F2E470D3F001B3F9E /* FirebaseFirestore */ = {
			isa = XCSwiftPackageProductDependency;
			package = 0541DE602E470D3F001B3F9E /* XCRemoteSwiftPackageReference "firebase-ios-sdk" */;
			productName = FirebaseFirestore;
		};
		0541DE712E470D3F001B3F9E /* FirebaseMessaging */ = {
			isa = XCSwiftPackageProductDependency;
			package = 0541DE602E470D3F001B3F9E /* XCRemoteSwiftPackageReference "firebase-ios-sdk" */;
			productName = FirebaseMessaging;
		};
		0541DE732E470D3F001B3F9E /* FirebasePerformance */ = {
			isa = XCSwiftPackageProductDependency;
			package = 0541DE602E470D3F001B3F9E /* XCRemoteSwiftPackageReference "firebase-ios-sdk" */;
			productName = FirebasePerformance;
		};
		0541DE752E470D3F001B3F9E /* FirebaseStorage */ = {
			isa = XCSwiftPackageProductDependency;
			package = 0541DE602E470D3F001B3F9E /* XCRemoteSwiftPackageReference "firebase-ios-sdk" */;
			productName = FirebaseStorage;
		};
		054581AB2E59637D00F067AA /* GoogleSignIn */ = {
			isa = XCSwiftPackageProductDependency;
			package = 054581AA2E59637D00F067AA /* XCRemoteSwiftPackageReference "GoogleSignIn-iOS" */;
			productName = GoogleSignIn;
		};
		054581AD2E59637D00F067AA /* GoogleSignInSwift */ = {
			isa = XCSwiftPackageProductDependency;
			package = 054581AA2E59637D00F067AA /* XCRemoteSwiftPackageReference "GoogleSignIn-iOS" */;
			productName = GoogleSignInSwift;
		};
/* End XCSwiftPackageProductDependency section */
	};
	rootObject = 055B9ABC2E1F0BB6004E6282 /* Project object */;
}
